
Microsoft Visual Studio Solution File, Format Version 12.00
# Visual Studio Version 16
VisualStudioVersion = 16.0.31402.337
MinimumVisualStudioVersion = 10.0.40219.1
Project("{8BC9CEB8-8B4A-11D0-8D11-00A0C91BC942}") = "ConsoleApplication17", "ConsoleApplication17.vcxproj", "{185D88E3-1778-4F33-8D5B-6FFBED8968B1}"
EndProject
Global
	GlobalSection(SolutionConfigurationPlatforms) = preSolution
		Debug|x64 = Debug|x64
		Debug|x86 = Debug|x86
		Release|x64 = Release|x64
		Release|x86 = Release|x86
	EndGlobalSection
	GlobalSection(ProjectConfigurationPlatforms) = postSolution
		{185D88E3-1778-4F33-8D5B-6FFBED8968B1}.Debug|x64.ActiveCfg = Debug|x64
		{185D88E3-1778-4F33-8D5B-6FFBED8968B1}.Debug|x64.Build.0 = Debug|x64
		{185D88E3-1778-4F33-8D5B-6FFBED8968B1}.Debug|x86.ActiveCfg = Debug|Win32
		{185D88E3-1778-4F33-8D5B-6FFBED8968B1}.Debug|x86.Build.0 = Debug|Win32
		{185D88E3-1778-4F33-8D5B-6FFBED8968B1}.Release|x64.ActiveCfg = Release|x64
		{185D88E3-1778-4F33-8D5B-6FFBED8968B1}.Release|x64.Build.0 = Release|x64
		{185D88E3-1778-4F33-8D5B-6FFBED8968B1}.Release|x86.ActiveCfg = Release|Win32
		{185D88E3-1778-4F33-8D5B-6FFBED8968B1}.Release|x86.Build.0 = Release|Win32
	EndGlobalSection
	GlobalSection(SolutionProperties) = preSolution
		HideSolutionNode = FALSE
	EndGlobalSection
	GlobalSection(ExtensibilityGlobals) = postSolution
		SolutionGuid = {835B3789-26E5-4043-B906-A9C8BF6E0C46}
	EndGlobalSection
EndGlobal
